
Microsoft Visual Studio Solution File, Format Version 12.00
# Visual Studio 2012
Project("{FAE04EC0-301F-11D3-BF4B-00C04F79EFBC}") = "ifs.fairdeal.web", "ifs.fairdeal.web\ifs.fairdeal.web.csproj", "{A33BD736-E07C-47EE-B825-A0F36FACB89C}"
EndProject
Global
	GlobalSection(SolutionConfigurationPlatforms) = preSolution
		Debug|Any CPU = Debug|Any CPU
		Release|Any CPU = Release|Any CPU
	EndGlobalSection
	GlobalSection(ProjectConfigurationPlatforms) = postSolution
		{A33BD736-E07C-47EE-B825-A0F36FACB89C}.Debug|Any CPU.ActiveCfg = Debug|Any CPU
		{A33BD736-E07C-47EE-B825-A0F36FACB89C}.Debug|Any CPU.Build.0 = Debug|Any CPU
		{A33BD736-E07C-47EE-B825-A0F36FACB89C}.Release|Any CPU.ActiveCfg = Release|Any CPU
		{A33BD736-E07C-47EE-B825-A0F36FACB89C}.Release|Any CPU.Build.0 = Release|Any CPU
	EndGlobalSection
	GlobalSection(SolutionProperties) = preSolution
		HideSolutionNode = FALSE
	EndGlobalSection
EndGlobal
